
Microsoft Visual Studio Solution File, Format Version 12.00
# Visual Studio Version 17
VisualStudioVersion = 17.14.36623.8
MinimumVisualStudioVersion = 10.0.40219.1
Project("{FAE04EC0-301F-11D3-BF4B-00C04F79EFBC}") = "esS", "esS\esS.csproj", "{10566974-9CD3-4429-A67E-1A58C59EEB0D}"
EndProject
Project("{FAE04EC0-301F-11D3-BF4B-00C04F79EFBC}") = "es2", "es2\es2.csproj", "{942937C9-AC54-431C-9216-962874174FC6}"
EndProject
Project("{FAE04EC0-301F-11D3-BF4B-00C04F79EFBC}") = "es3", "es3\es3.csproj", "{A4322598-1B91-4E3C-B9A3-F50EEFFB06CC}"
EndProject
Project("{FAE04EC0-301F-11D3-BF4B-00C04F79EFBC}") = "es4", "es4\es4.csproj", "{06E43C6E-CBF4-430F-BAA2-ECA106F8D5FE}"
EndProject
Project("{FAE04EC0-301F-11D3-BF4B-00C04F79EFBC}") = "es6", "es6\es6.csproj", "{DCEA83DD-B86E-4291-A7FB-AA6E6E67722F}"
EndProject
Project("{FAE04EC0-301F-11D3-BF4B-00C04F79EFBC}") = "es7", "es7\es7.csproj", "{C651BA91-EB15-4FC9-99B5-0F74DEE88318}"
EndProject
Global
	GlobalSection(SolutionConfigurationPlatforms) = preSolution
		Debug|Any CPU = Debug|Any CPU
		Release|Any CPU = Release|Any CPU
	EndGlobalSection
	GlobalSection(ProjectConfigurationPlatforms) = postSolution
		{10566974-9CD3-4429-A67E-1A58C59EEB0D}.Debug|Any CPU.ActiveCfg = Debug|Any CPU
		{10566974-9CD3-4429-A67E-1A58C59EEB0D}.Debug|Any CPU.Build.0 = Debug|Any CPU
		{10566974-9CD3-4429-A67E-1A58C59EEB0D}.Release|Any CPU.ActiveCfg = Release|Any CPU
		{10566974-9CD3-4429-A67E-1A58C59EEB0D}.Release|Any CPU.Build.0 = Release|Any CPU
		{942937C9-AC54-431C-9216-962874174FC6}.Debug|Any CPU.ActiveCfg = Debug|Any CPU
		{942937C9-AC54-431C-9216-962874174FC6}.Debug|Any CPU.Build.0 = Debug|Any CPU
		{942937C9-AC54-431C-9216-962874174FC6}.Release|Any CPU.ActiveCfg = Release|Any CPU
		{942937C9-AC54-431C-9216-962874174FC6}.Release|Any CPU.Build.0 = Release|Any CPU
		{A4322598-1B91-4E3C-B9A3-F50EEFFB06CC}.Debug|Any CPU.ActiveCfg = Debug|Any CPU
		{A4322598-1B91-4E3C-B9A3-F50EEFFB06CC}.Debug|Any CPU.Build.0 = Debug|Any CPU
		{A4322598-1B91-4E3C-B9A3-F50EEFFB06CC}.Release|Any CPU.ActiveCfg = Release|Any CPU
		{A4322598-1B91-4E3C-B9A3-F50EEFFB06CC}.Release|Any CPU.Build.0 = Release|Any CPU
		{06E43C6E-CBF4-430F-BAA2-ECA106F8D5FE}.Debug|Any CPU.ActiveCfg = Debug|Any CPU
		{06E43C6E-CBF4-430F-BAA2-ECA106F8D5FE}.Debug|Any CPU.Build.0 = Debug|Any CPU
		{06E43C6E-CBF4-430F-BAA2-ECA106F8D5FE}.Release|Any CPU.ActiveCfg = Release|Any CPU
		{06E43C6E-CBF4-430F-BAA2-ECA106F8D5FE}.Release|Any CPU.Build.0 = Release|Any CPU
		{DCEA83DD-B86E-4291-A7FB-AA6E6E67722F}.Debug|Any CPU.ActiveCfg = Debug|Any CPU
		{DCEA83DD-B86E-4291-A7FB-AA6E6E67722F}.Debug|Any CPU.Build.0 = Debug|Any CPU
		{DCEA83DD-B86E-4291-A7FB-AA6E6E67722F}.Release|Any CPU.ActiveCfg = Release|Any CPU
		{DCEA83DD-B86E-4291-A7FB-AA6E6E67722F}.Release|Any CPU.Build.0 = Release|Any CPU
		{C651BA91-EB15-4FC9-99B5-0F74DEE88318}.Debug|Any CPU.ActiveCfg = Debug|Any CPU
		{C651BA91-EB15-4FC9-99B5-0F74DEE88318}.Debug|Any CPU.Build.0 = Debug|Any CPU
		{C651BA91-EB15-4FC9-99B5-0F74DEE88318}.Release|Any CPU.ActiveCfg = Release|Any CPU
		{C651BA91-EB15-4FC9-99B5-0F74DEE88318}.Release|Any CPU.Build.0 = Release|Any CPU
	EndGlobalSection
	GlobalSection(SolutionProperties) = preSolution
		HideSolutionNode = FALSE
	EndGlobalSection
	GlobalSection(ExtensibilityGlobals) = postSolution
		SolutionGuid = {A7B24C1B-2229-4DFD-AB51-4650249D4A6F}
	EndGlobalSection
EndGlobal
